{
    "name": "playwright-dyo",
    "version": "1.0.0",
    "lockfileVersion": 2,
    "requires": true,
    "packages": {
        "": {
            "name": "playwright-dyo",
            "version": "1.0.0",
            "license": "ISC",
            "dependencies": {
                "@playwright/test": "^1.42.0",
                "playwright": "^1.42.0"
            }
        },
        "node_modules/@playwright/test": {
            "version": "1.42.0",
            "resolved": "https://registry.npmjs.org/@playwright/test/-/test-1.42.0.tgz",
            "integrity": "sha512-2k1HzC28Fs+HiwbJOQDUwrWMttqSLUVdjCqitBOjdCD0svWOMQUVqrXX6iFD7POps6xXAojsX/dGBpKnjZctLA==",
            "dependencies": {
                "playwright": "1.42.0"
            },
            "bin": {
                "playwright": "cli.js"
            },
            "engines": {
                "node": ">=16"
            }
        },
        "node_modules/fsevents": {
            "version": "2.3.2",
            "resolved": "https://registry.npmjs.org/fsevents/-/fsevents-2.3.2.tgz",
            "integrity": "sha512-xiqMQR4xAeHTuB9uWm+fFRcIOgKBMiOBP+eXiyT7jsgVCq1bkVygt00oASowB7EdtpOHaaPgKt812P9ab+DDKA==",
            "hasInstallScript": true,
            "optional": true,
            "os": [
                "darwin"
            ],
            "engines": {
                "node": "^8.16.0 || ^10.6.0 || >=11.0.0"
            }
        },
        "node_modules/playwright": {
            "version": "1.42.0",
            "resolved": "https://registry.npmjs.org/playwright/-/playwright-1.42.0.tgz",
            "integrity": "sha512-Ko7YRUgj5xBHbntrgt4EIw/nE//XBHOKVKnBjO1KuZkmkhlbgyggTe5s9hjqQ1LpN+Xg+kHsQyt5Pa0Bw5XpvQ==",
            "dependencies": {
                "playwright-core": "1.42.0"
            },
            "bin": {
                "playwright": "cli.js"
            },
            "engines": {
                "node": ">=16"
            },
            "optionalDependencies": {
                "fsevents": "2.3.2"
            }
        },
        "node_modules/playwright-core": {
            "version": "1.42.0",
            "resolved": "https://registry.npmjs.org/playwright-core/-/playwright-core-1.42.0.tgz",
            "integrity": "sha512-0HD9y8qEVlcbsAjdpBaFjmaTHf+1FeIddy8VJLeiqwhcNqGCBe4Wp2e8knpqiYbzxtxarxiXyNDw2cG8sCaNMQ==",
            "bin": {
                "playwright-core": "cli.js"
            },
            "engines": {
                "node": ">=16"
            }
        }
    },
    "dependencies": {
        "@playwright/test": {
            "version": "1.42.0",
            "resolved": "https://registry.npmjs.org/@playwright/test/-/test-1.42.0.tgz",
            "integrity": "sha512-2k1HzC28Fs+HiwbJOQDUwrWMttqSLUVdjCqitBOjdCD0svWOMQUVqrXX6iFD7POps6xXAojsX/dGBpKnjZctLA==",
            "requires": {
                "playwright": "1.42.0"
            }
        },
        "fsevents": {
            "version": "2.3.2",
            "resolved": "https://registry.npmjs.org/fsevents/-/fsevents-2.3.2.tgz",
            "integrity": "sha512-xiqMQR4xAeHTuB9uWm+fFRcIOgKBMiOBP+eXiyT7jsgVCq1bkVygt00oASowB7EdtpOHaaPgKt812P9ab+DDKA==",
            "optional": true
        },
        "playwright": {
            "version": "1.42.0",
            "resolved": "https://registry.npmjs.org/playwright/-/playwright-1.42.0.tgz",
            "integrity": "sha512-Ko7YRUgj5xBHbntrgt4EIw/nE//XBHOKVKnBjO1KuZkmkhlbgyggTe5s9hjqQ1LpN+Xg+kHsQyt5Pa0Bw5XpvQ==",
            "requires": {
                "fsevents": "2.3.2",
                "playwright-core": "1.42.0"
            }
        },
        "playwright-core": {
            "version": "1.42.0",
            "resolved": "https://registry.npmjs.org/playwright-core/-/playwright-core-1.42.0.tgz",
            "integrity": "sha512-0HD9y8qEVlcbsAjdpBaFjmaTHf+1FeIddy8VJLeiqwhcNqGCBe4Wp2e8knpqiYbzxtxarxiXyNDw2cG8sCaNMQ=="
        }
    }
}
